
Microsoft Visual Studio Solution File, Format Version 12.00
# Visual Studio Version 16
VisualStudioVersion = 16.0.32002.261
MinimumVisualStudioVersion = 10.0.40219.1
Project("{FAE04EC0-301F-11D3-BF4B-00C04F79EFBC}") = "Denominator", "Denominator\Denominator.csproj", "{4DC6FEC2-74B1-425F-885D-C705A6DBD46B}"
EndProject
Project("{FAE04EC0-301F-11D3-BF4B-00C04F79EFBC}") = "Denominator.Tests", "Denominator.Tests\Denominator.Tests.csproj", "{9DB3F352-D51C-493E-949E-09234B0AD13A}"
EndProject
Project("{FAE04EC0-301F-11D3-BF4B-00C04F79EFBC}") = "Denominator.Service", "Denominator.Service\Denominator.Service.csproj", "{3A105058-340B-40DD-AA86-459742D9357B}"
EndProject
Global
	GlobalSection(SolutionConfigurationPlatforms) = preSolution
		Debug|Any CPU = Debug|Any CPU
		Release|Any CPU = Release|Any CPU
	EndGlobalSection
	GlobalSection(ProjectConfigurationPlatforms) = postSolution
		{4DC6FEC2-74B1-425F-885D-C705A6DBD46B}.Debug|Any CPU.ActiveCfg = Debug|Any CPU
		{4DC6FEC2-74B1-425F-885D-C705A6DBD46B}.Debug|Any CPU.Build.0 = Debug|Any CPU
		{4DC6FEC2-74B1-425F-885D-C705A6DBD46B}.Release|Any CPU.ActiveCfg = Release|Any CPU
		{4DC6FEC2-74B1-425F-885D-C705A6DBD46B}.Release|Any CPU.Build.0 = Release|Any CPU
		{9DB3F352-D51C-493E-949E-09234B0AD13A}.Debug|Any CPU.ActiveCfg = Debug|Any CPU
		{9DB3F352-D51C-493E-949E-09234B0AD13A}.Debug|Any CPU.Build.0 = Debug|Any CPU
		{9DB3F352-D51C-493E-949E-09234B0AD13A}.Release|Any CPU.ActiveCfg = Release|Any CPU
		{9DB3F352-D51C-493E-949E-09234B0AD13A}.Release|Any CPU.Build.0 = Release|Any CPU
		{3A105058-340B-40DD-AA86-459742D9357B}.Debug|Any CPU.ActiveCfg = Debug|Any CPU
		{3A105058-340B-40DD-AA86-459742D9357B}.Debug|Any CPU.Build.0 = Debug|Any CPU
		{3A105058-340B-40DD-AA86-459742D9357B}.Release|Any CPU.ActiveCfg = Release|Any CPU
		{3A105058-340B-40DD-AA86-459742D9357B}.Release|Any CPU.Build.0 = Release|Any CPU
	EndGlobalSection
	GlobalSection(SolutionProperties) = preSolution
		HideSolutionNode = FALSE
	EndGlobalSection
	GlobalSection(ExtensibilityGlobals) = postSolution
		SolutionGuid = {B2ABFCE0-5503-4719-81C0-47363FE73C15}
	EndGlobalSection
EndGlobal
